
Microsoft Visual Studio Solution File, Format Version 12.00
# Visual Studio Version 17
VisualStudioVersion = 17.2.32616.157
MinimumVisualStudioVersion = 10.0.40219.1
Project("{FAE04EC0-301F-11D3-BF4B-00C04F79EFBC}") = "BinarySearchTreeProblem", "BinarySearchTreeProblem\BinarySearchTreeProblem.csproj", "{4D81BA4F-34EB-4636-A91F-7385EFD7515B}"
EndProject
Global
	GlobalSection(SolutionConfigurationPlatforms) = preSolution
		Debug|Any CPU = Debug|Any CPU
		Release|Any CPU = Release|Any CPU
	EndGlobalSection
	GlobalSection(ProjectConfigurationPlatforms) = postSolution
		{4D81BA4F-34EB-4636-A91F-7385EFD7515B}.Debug|Any CPU.ActiveCfg = Debug|Any CPU
		{4D81BA4F-34EB-4636-A91F-7385EFD7515B}.Debug|Any CPU.Build.0 = Debug|Any CPU
		{4D81BA4F-34EB-4636-A91F-7385EFD7515B}.Release|Any CPU.ActiveCfg = Release|Any CPU
		{4D81BA4F-34EB-4636-A91F-7385EFD7515B}.Release|Any CPU.Build.0 = Release|Any CPU
	EndGlobalSection
	GlobalSection(SolutionProperties) = preSolution
		HideSolutionNode = FALSE
	EndGlobalSection
	GlobalSection(ExtensibilityGlobals) = postSolution
		SolutionGuid = {34C12845-F406-4653-88B2-39AB2782DDD7}
	EndGlobalSection
EndGlobal
